
Microsoft Visual Studio Solution File, Format Version 12.00
# Visual Studio Version 16
VisualStudioVersion = 16.0.30114.128
MinimumVisualStudioVersion = 10.0.40219.1
Project("{9A19103F-16F7-4668-BE54-9A1E7A4F7556}") = "UsingSwitch", "UsingSwitch\UsingSwitch.csproj", "{F56FC6DD-9E67-495B-9663-CDE18F9300C4}"
EndProject
Project("{FAE04EC0-301F-11D3-BF4B-00C04F79EFBC}") = "OperatorIsNot", "OperatorIsNot\OperatorIsNot.csproj", "{CFC9B137-4F18-4B83-95A0-D8DA7BD7CC92}"
EndProject
Project("{FAE04EC0-301F-11D3-BF4B-00C04F79EFBC}") = "NewExpressions", "NewExpressions\NewExpressions.csproj", "{697F48FC-26F8-495D-BB44-F06D51146D05}"
EndProject
Global
	GlobalSection(SolutionConfigurationPlatforms) = preSolution
		Debug|Any CPU = Debug|Any CPU
		Release|Any CPU = Release|Any CPU
	EndGlobalSection
	GlobalSection(ProjectConfigurationPlatforms) = postSolution
		{F56FC6DD-9E67-495B-9663-CDE18F9300C4}.Debug|Any CPU.ActiveCfg = Debug|Any CPU
		{F56FC6DD-9E67-495B-9663-CDE18F9300C4}.Debug|Any CPU.Build.0 = Debug|Any CPU
		{F56FC6DD-9E67-495B-9663-CDE18F9300C4}.Release|Any CPU.ActiveCfg = Release|Any CPU
		{F56FC6DD-9E67-495B-9663-CDE18F9300C4}.Release|Any CPU.Build.0 = Release|Any CPU
		{CFC9B137-4F18-4B83-95A0-D8DA7BD7CC92}.Debug|Any CPU.ActiveCfg = Debug|Any CPU
		{CFC9B137-4F18-4B83-95A0-D8DA7BD7CC92}.Debug|Any CPU.Build.0 = Debug|Any CPU
		{CFC9B137-4F18-4B83-95A0-D8DA7BD7CC92}.Release|Any CPU.ActiveCfg = Release|Any CPU
		{CFC9B137-4F18-4B83-95A0-D8DA7BD7CC92}.Release|Any CPU.Build.0 = Release|Any CPU
		{697F48FC-26F8-495D-BB44-F06D51146D05}.Debug|Any CPU.ActiveCfg = Debug|Any CPU
		{697F48FC-26F8-495D-BB44-F06D51146D05}.Debug|Any CPU.Build.0 = Debug|Any CPU
		{697F48FC-26F8-495D-BB44-F06D51146D05}.Release|Any CPU.ActiveCfg = Release|Any CPU
		{697F48FC-26F8-495D-BB44-F06D51146D05}.Release|Any CPU.Build.0 = Release|Any CPU
	EndGlobalSection
	GlobalSection(SolutionProperties) = preSolution
		HideSolutionNode = FALSE
	EndGlobalSection
	GlobalSection(ExtensibilityGlobals) = postSolution
		SolutionGuid = {4BF6F0D2-3DF8-47B9-866D-FA47AFF90C64}
	EndGlobalSection
EndGlobal
